{
  "requires": true,
  "lockfileVersion": 1,
  "dependencies": {
    "@vue/cli-plugin-vuex": {
      "version": "4.5.12",
      "resolved": "https://registry.npmjs.org/@vue/cli-plugin-vuex/-/cli-plugin-vuex-4.5.12.tgz",
      "integrity": "sha512-STgbvNv/3iHAKArc18b/qjN7RX1FTrfxPeHH26GOr/A8lJes7+CSluZZ8E5R7Zr/vL0zOqOkUVDAjFXVf4zWQA==",
      "dev": true
    }
  }
}
